
Microsoft Visual Studio Solution File, Format Version 12.00
# Visual Studio Version 17
VisualStudioVersion = 17.5.33530.505
MinimumVisualStudioVersion = 10.0.40219.1
Project("{FAE04EC0-301F-11D3-BF4B-00C04F79EFBC}") = "Mail.API", "Mail.API.csproj", "{AF788CAC-6165-4D7B-96B3-1606A4E39DD5}"
EndProject
Global
	GlobalSection(SolutionConfigurationPlatforms) = preSolution
		Debug|Any CPU = Debug|Any CPU
		Release|Any CPU = Release|Any CPU
	EndGlobalSection
	GlobalSection(ProjectConfigurationPlatforms) = postSolution
		{AF788CAC-6165-4D7B-96B3-1606A4E39DD5}.Debug|Any CPU.ActiveCfg = Debug|Any CPU
		{AF788CAC-6165-4D7B-96B3-1606A4E39DD5}.Debug|Any CPU.Build.0 = Debug|Any CPU
		{AF788CAC-6165-4D7B-96B3-1606A4E39DD5}.Release|Any CPU.ActiveCfg = Release|Any CPU
		{AF788CAC-6165-4D7B-96B3-1606A4E39DD5}.Release|Any CPU.Build.0 = Release|Any CPU
	EndGlobalSection
	GlobalSection(SolutionProperties) = preSolution
		HideSolutionNode = FALSE
	EndGlobalSection
	GlobalSection(ExtensibilityGlobals) = postSolution
		SolutionGuid = {0467F7C1-B40D-41B4-8F71-E4B1A08EEC10}
	EndGlobalSection
EndGlobal
